
Microsoft Visual Studio Solution File, Format Version 12.00
# Visual Studio Version 16
VisualStudioVersion = 16.0.30320.27
MinimumVisualStudioVersion = 10.0.40219.1
Project("{FAE04EC0-301F-11D3-BF4B-00C04F79EFBC}") = "AutoUpdateDLL", "AutoUpdateDLL\AutoUpdateDLL.csproj", "{01B998AA-1E52-4F17-9526-50ADF20A4FBD}"
EndProject
Global
	GlobalSection(SolutionConfigurationPlatforms) = preSolution
		Debug|Any CPU = Debug|Any CPU
		Release|Any CPU = Release|Any CPU
	EndGlobalSection
	GlobalSection(ProjectConfigurationPlatforms) = postSolution
		{01B998AA-1E52-4F17-9526-50ADF20A4FBD}.Debug|Any CPU.ActiveCfg = Debug|Any CPU
		{01B998AA-1E52-4F17-9526-50ADF20A4FBD}.Debug|Any CPU.Build.0 = Debug|Any CPU
		{01B998AA-1E52-4F17-9526-50ADF20A4FBD}.Release|Any CPU.ActiveCfg = Release|Any CPU
		{01B998AA-1E52-4F17-9526-50ADF20A4FBD}.Release|Any CPU.Build.0 = Release|Any CPU
	EndGlobalSection
	GlobalSection(SolutionProperties) = preSolution
		HideSolutionNode = FALSE
	EndGlobalSection
	GlobalSection(ExtensibilityGlobals) = postSolution
		SolutionGuid = {576BD145-379B-44AB-BE05-288945418D1D}
	EndGlobalSection
EndGlobal
